
Microsoft Visual Studio Solution File, Format Version 12.00
# Visual Studio Version 17
VisualStudioVersion = 17.0.31903.59
MinimumVisualStudioVersion = 10.0.40219.1
Project("{2150E333-8FDC-42A3-9474-1A3956D46DE8}") = "src", "src", "{827E0CD3-B72D-47B6-A68D-7590B98EB39B}"
EndProject
Project("{FAE04EC0-301F-11D3-BF4B-00C04F79EFBC}") = "Envisia.InvoiceXml", "src\Envisia.InvoiceXml\Envisia.InvoiceXml.csproj", "{D2071DBA-91AD-4FB1-BE9F-65FCAB3DACB4}"
EndProject
Project("{2150E333-8FDC-42A3-9474-1A3956D46DE8}") = "tests", "tests", "{0AB3BF05-4346-4AA6-1389-037BE0695223}"
EndProject
Project("{FAE04EC0-301F-11D3-BF4B-00C04F79EFBC}") = "Envisia.InvoiceXml.Tests", "tests\Envisia.InvoiceXml.Tests\Envisia.InvoiceXml.Tests.csproj", "{48CF4A1B-0364-4FA3-9687-31D80D3D37A4}"
EndProject
Project("{FAE04EC0-301F-11D3-BF4B-00C04F79EFBC}") = "Envisia.InvoiceXml.Validation", "src\Envisia.InvoiceXml.Validation\Envisia.InvoiceXml.Validation.csproj", "{1C2ECF41-6775-4507-BE7F-35DB7E002C76}"
EndProject
Global
	GlobalSection(SolutionConfigurationPlatforms) = preSolution
		Debug|Any CPU = Debug|Any CPU
		Debug|x64 = Debug|x64
		Debug|x86 = Debug|x86
		Release|Any CPU = Release|Any CPU
		Release|x64 = Release|x64
		Release|x86 = Release|x86
	EndGlobalSection
	GlobalSection(ProjectConfigurationPlatforms) = postSolution
		{D2071DBA-91AD-4FB1-BE9F-65FCAB3DACB4}.Debug|Any CPU.ActiveCfg = Debug|Any CPU
		{D2071DBA-91AD-4FB1-BE9F-65FCAB3DACB4}.Debug|Any CPU.Build.0 = Debug|Any CPU
		{D2071DBA-91AD-4FB1-BE9F-65FCAB3DACB4}.Debug|x64.ActiveCfg = Debug|Any CPU
		{D2071DBA-91AD-4FB1-BE9F-65FCAB3DACB4}.Debug|x64.Build.0 = Debug|Any CPU
		{D2071DBA-91AD-4FB1-BE9F-65FCAB3DACB4}.Debug|x86.ActiveCfg = Debug|Any CPU
		{D2071DBA-91AD-4FB1-BE9F-65FCAB3DACB4}.Debug|x86.Build.0 = Debug|Any CPU
		{D2071DBA-91AD-4FB1-BE9F-65FCAB3DACB4}.Release|Any CPU.ActiveCfg = Release|Any CPU
		{D2071DBA-91AD-4FB1-BE9F-65FCAB3DACB4}.Release|Any CPU.Build.0 = Release|Any CPU
		{D2071DBA-91AD-4FB1-BE9F-65FCAB3DACB4}.Release|x64.ActiveCfg = Release|Any CPU
		{D2071DBA-91AD-4FB1-BE9F-65FCAB3DACB4}.Release|x64.Build.0 = Release|Any CPU
		{D2071DBA-91AD-4FB1-BE9F-65FCAB3DACB4}.Release|x86.ActiveCfg = Release|Any CPU
		{D2071DBA-91AD-4FB1-BE9F-65FCAB3DACB4}.Release|x86.Build.0 = Release|Any CPU
		{48CF4A1B-0364-4FA3-9687-31D80D3D37A4}.Debug|Any CPU.ActiveCfg = Debug|Any CPU
		{48CF4A1B-0364-4FA3-9687-31D80D3D37A4}.Debug|Any CPU.Build.0 = Debug|Any CPU
		{48CF4A1B-0364-4FA3-9687-31D80D3D37A4}.Debug|x64.ActiveCfg = Debug|Any CPU
		{48CF4A1B-0364-4FA3-9687-31D80D3D37A4}.Debug|x64.Build.0 = Debug|Any CPU
		{48CF4A1B-0364-4FA3-9687-31D80D3D37A4}.Debug|x86.ActiveCfg = Debug|Any CPU
		{48CF4A1B-0364-4FA3-9687-31D80D3D37A4}.Debug|x86.Build.0 = Debug|Any CPU
		{48CF4A1B-0364-4FA3-9687-31D80D3D37A4}.Release|Any CPU.ActiveCfg = Release|Any CPU
		{48CF4A1B-0364-4FA3-9687-31D80D3D37A4}.Release|Any CPU.Build.0 = Release|Any CPU
		{48CF4A1B-0364-4FA3-9687-31D80D3D37A4}.Release|x64.ActiveCfg = Release|Any CPU
		{48CF4A1B-0364-4FA3-9687-31D80D3D37A4}.Release|x64.Build.0 = Release|Any CPU
		{48CF4A1B-0364-4FA3-9687-31D80D3D37A4}.Release|x86.ActiveCfg = Release|Any CPU
		{48CF4A1B-0364-4FA3-9687-31D80D3D37A4}.Release|x86.Build.0 = Release|Any CPU
		{1C2ECF41-6775-4507-BE7F-35DB7E002C76}.Debug|Any CPU.ActiveCfg = Debug|Any CPU
		{1C2ECF41-6775-4507-BE7F-35DB7E002C76}.Debug|Any CPU.Build.0 = Debug|Any CPU
		{1C2ECF41-6775-4507-BE7F-35DB7E002C76}.Debug|x64.ActiveCfg = Debug|Any CPU
		{1C2ECF41-6775-4507-BE7F-35DB7E002C76}.Debug|x64.Build.0 = Debug|Any CPU
		{1C2ECF41-6775-4507-BE7F-35DB7E002C76}.Debug|x86.ActiveCfg = Debug|Any CPU
		{1C2ECF41-6775-4507-BE7F-35DB7E002C76}.Debug|x86.Build.0 = Debug|Any CPU
		{1C2ECF41-6775-4507-BE7F-35DB7E002C76}.Release|Any CPU.ActiveCfg = Release|Any CPU
		{1C2ECF41-6775-4507-BE7F-35DB7E002C76}.Release|Any CPU.Build.0 = Release|Any CPU
		{1C2ECF41-6775-4507-BE7F-35DB7E002C76}.Release|x64.ActiveCfg = Release|Any CPU
		{1C2ECF41-6775-4507-BE7F-35DB7E002C76}.Release|x64.Build.0 = Release|Any CPU
		{1C2ECF41-6775-4507-BE7F-35DB7E002C76}.Release|x86.ActiveCfg = Release|Any CPU
		{1C2ECF41-6775-4507-BE7F-35DB7E002C76}.Release|x86.Build.0 = Release|Any CPU
	EndGlobalSection
	GlobalSection(SolutionProperties) = preSolution
		HideSolutionNode = FALSE
	EndGlobalSection
	GlobalSection(NestedProjects) = preSolution
		{D2071DBA-91AD-4FB1-BE9F-65FCAB3DACB4} = {827E0CD3-B72D-47B6-A68D-7590B98EB39B}
		{48CF4A1B-0364-4FA3-9687-31D80D3D37A4} = {0AB3BF05-4346-4AA6-1389-037BE0695223}
		{1C2ECF41-6775-4507-BE7F-35DB7E002C76} = {827E0CD3-B72D-47B6-A68D-7590B98EB39B}
	EndGlobalSection
EndGlobal
